{
  "name": "ipcui",
  "version": "0.1.0",
  "lockfileVersion": 1,
  "requires": true,
  "dependencies": {
    "asap": {
      "version": "2.0.6",
      "resolved": "https://registry.npmjs.org/asap/-/asap-2.0.6.tgz",
      "integrity": "sha1-5QNHYR1+aQlDIIu9r+vLwvuGbUY="
    },
    "babel-runtime": {
      "version": "6.26.0",
      "resolved": "https://registry.npmjs.org/babel-runtime/-/babel-runtime-6.26.0.tgz",
      "integrity": "sha1-llxwWGaOgrVde/4E/yM3vItWR/4=",
      "requires": {
        "core-js": "2.5.1",
        "regenerator-runtime": "0.11.0"
      }
    },
    "class-autobind": {
      "version": "0.1.4",
      "resolved": "https://registry.npmjs.org/class-autobind/-/class-autobind-0.1.4.tgz",
      "integrity": "sha1-NFFsSRZ8+NP2Od3Bhrz6Imiv/zQ="
    },
    "classnames": {
      "version": "2.2.5",
      "resolved": "https://registry.npmjs.org/classnames/-/classnames-2.2.5.tgz",
      "integrity": "sha1-+zgB1FNGdknvNgPH1hoCvRKb3m0="
    },
    "core-js": {
      "version": "2.5.1",
      "resolved": "https://registry.npmjs.org/core-js/-/core-js-2.5.1.tgz",
      "integrity": "sha1-rmh03GaTd4m4B1T/VCjfZoGcpQs="
    },
    "draft-js": {
      "version": "0.10.4",
      "resolved": "https://registry.npmjs.org/draft-js/-/draft-js-0.10.4.tgz",
      "integrity": "sha1-FHdBZCCXyBINjtwjLpUD6Lf7jTU=",
      "requires": {
        "fbjs": "0.8.16",
        "immutable": "3.7.6",
        "object-assign": "4.1.1"
      },
      "dependencies": {
        "immutable": {
          "version": "3.7.6",
          "resolved": "https://registry.npmjs.org/immutable/-/immutable-3.7.6.tgz",
          "integrity": "sha1-E7TTyxK++hVIKib+Gy665kAHHks="
        }
      }
    },
    "draft-js-export-html": {
      "version": "1.2.0",
      "resolved": "https://registry.npmjs.org/draft-js-export-html/-/draft-js-export-html-1.2.0.tgz",
      "integrity": "sha1-HL4reOH+10/CnHzcv9dUBGjsogk=",
      "requires": {
        "draft-js-utils": "1.2.0"
      }
    },
    "draft-js-export-markdown": {
      "version": "1.2.0",
      "resolved": "https://registry.npmjs.org/draft-js-export-markdown/-/draft-js-export-markdown-1.2.0.tgz",
      "integrity": "sha1-xCPWc4nhxw3dE+lWr+gv0bcv7qU=",
      "requires": {
        "draft-js-utils": "1.2.0"
      }
    },
    "draft-js-import-element": {
      "version": "1.2.1",
      "resolved": "https://registry.npmjs.org/draft-js-import-element/-/draft-js-import-element-1.2.1.tgz",
      "integrity": "sha512-T/eCDkaU8wrTCH6c+/2BE7Vx/11GABRNU/UBiHM4D903LNFar8UfjElehpiKVf+F4rxi8dfhvTgaWrpWDfX4MA==",
      "requires": {
        "draft-js-utils": "1.2.0",
        "synthetic-dom": "1.2.0"
      }
    },
    "draft-js-import-html": {
      "version": "1.2.1",
      "resolved": "https://registry.npmjs.org/draft-js-import-html/-/draft-js-import-html-1.2.1.tgz",
      "integrity": "sha512-FP1y9kdmOVDvOxoI4ny+H0g4CVoTQwdW++Zjf+qMsnz07NsYOCLcQ34j7TiwuPfArFAcOjBOc41Mn+qOa1G14w==",
      "requires": {
        "draft-js-import-element": "1.2.1"
      }
    },
    "draft-js-import-markdown": {
      "version": "1.2.1",
      "resolved": "https://registry.npmjs.org/draft-js-import-markdown/-/draft-js-import-markdown-1.2.1.tgz",
      "integrity": "sha512-hn2+LJ/QdmuM2gc44uqYWjMqRv5Pt6bZFHULi8hGAR7WVWaVk4gaXHM4fE8H4iVE+QFUV6yNITrm4D/fyPkaGQ==",
      "requires": {
        "draft-js-import-element": "1.2.1",
        "synthetic-dom": "1.2.0"
      }
    },
    "draft-js-utils": {
      "version": "1.2.0",
      "resolved": "https://registry.npmjs.org/draft-js-utils/-/draft-js-utils-1.2.0.tgz",
      "integrity": "sha1-9csj6xZzJf/tPXmIL9wxdyHS/RI="
    },
    "encoding": {
      "version": "0.1.12",
      "resolved": "https://registry.npmjs.org/encoding/-/encoding-0.1.12.tgz",
      "integrity": "sha1-U4tm8+5izRq1HsMjgp0flIDHS+s=",
      "requires": {
        "iconv-lite": "0.4.19"
      }
    },
    "fbjs": {
      "version": "0.8.16",
      "resolved": "https://registry.npmjs.org/fbjs/-/fbjs-0.8.16.tgz",
      "integrity": "sha1-XmdDL1UNxBtXK/VYR7ispk5TN9s=",
      "requires": {
        "core-js": "1.2.7",
        "isomorphic-fetch": "2.2.1",
        "loose-envify": "1.3.1",
        "object-assign": "4.1.1",
        "promise": "7.3.1",
        "setimmediate": "1.0.5",
        "ua-parser-js": "0.7.17"
      },
      "dependencies": {
        "core-js": {
          "version": "1.2.7",
          "resolved": "https://registry.npmjs.org/core-js/-/core-js-1.2.7.tgz",
          "integrity": "sha1-ZSKUwUZR2yj6k70tX/KYOk8IxjY="
        }
      }
    },
    "hoist-non-react-statics": {
      "version": "2.3.1",
      "resolved": "https://registry.npmjs.org/hoist-non-react-statics/-/hoist-non-react-statics-2.3.1.tgz",
      "integrity": "sha1-ND24TGAYxlB3iJgkATWhQg7iLOA="
    },
    "iconv-lite": {
      "version": "0.4.19",
      "resolved": "https://registry.npmjs.org/iconv-lite/-/iconv-lite-0.4.19.tgz",
      "integrity": "sha512-oTZqweIP51xaGPI4uPa56/Pri/480R+mo7SeU+YETByQNhDG55ycFyNLIgta9vXhILrxXDmF7ZGhqZIcuN0gJQ=="
    },
    "immutable": {
      "version": "3.8.2",
      "resolved": "https://registry.npmjs.org/immutable/-/immutable-3.8.2.tgz",
      "integrity": "sha1-wkOZUUVbs5kT2vKBN28VMOEErfM="
    },
    "is-stream": {
      "version": "1.1.0",
      "resolved": "https://registry.npmjs.org/is-stream/-/is-stream-1.1.0.tgz",
      "integrity": "sha1-EtSj3U5o4Lec6428hBc66A2RykQ="
    },
    "isomorphic-fetch": {
      "version": "2.2.1",
      "resolved": "https://registry.npmjs.org/isomorphic-fetch/-/isomorphic-fetch-2.2.1.tgz",
      "integrity": "sha1-YRrhrPFPXoH3KVB0coGf6XM1WKk=",
      "requires": {
        "node-fetch": "1.7.3",
        "whatwg-fetch": "2.0.3"
      }
    },
    "js-tokens": {
      "version": "3.0.2",
      "resolved": "https://registry.npmjs.org/js-tokens/-/js-tokens-3.0.2.tgz",
      "integrity": "sha1-mGbfOVECEw449/mWvOtlRDIJwls="
    },
    "loose-envify": {
      "version": "1.3.1",
      "resolved": "https://registry.npmjs.org/loose-envify/-/loose-envify-1.3.1.tgz",
      "integrity": "sha1-0aitM/qc4OcT1l/dCsi3SNR4yEg=",
      "requires": {
        "js-tokens": "3.0.2"
      }
    },
    "mobx": {
      "version": "3.3.1",
      "resolved": "https://registry.npmjs.org/mobx/-/mobx-3.3.1.tgz",
      "integrity": "sha1-w4/Booeg3aP11Lhe/hE3/t2dzfA="
    },
    "mobx-react": {
      "version": "4.3.3",
      "resolved": "https://registry.npmjs.org/mobx-react/-/mobx-react-4.3.3.tgz",
      "integrity": "sha1-StdsA9HpQrQx6UL56hjfB1Z3FlU=",
      "requires": {
        "hoist-non-react-statics": "2.3.1"
      }
    },
    "node-fetch": {
      "version": "1.7.3",
      "resolved": "https://registry.npmjs.org/node-fetch/-/node-fetch-1.7.3.tgz",
      "integrity": "sha512-NhZ4CsKx7cYm2vSrBAr2PvFOe6sWDf0UYLRqA6svUYg7+/TSfVAu49jYC4BvQ4Sms9SZgdqGBgroqfDhJdTyKQ==",
      "requires": {
        "encoding": "0.1.12",
        "is-stream": "1.1.0"
      }
    },
    "object-assign": {
      "version": "4.1.1",
      "resolved": "https://registry.npmjs.org/object-assign/-/object-assign-4.1.1.tgz",
      "integrity": "sha1-IQmtx5ZYh8/AXLvUQsrIv7s2CGM="
    },
    "promise": {
      "version": "7.3.1",
      "resolved": "https://registry.npmjs.org/promise/-/promise-7.3.1.tgz",
      "integrity": "sha512-nolQXZ/4L+bP/UGlkfaIujX9BKxGwmQ9OT4mOt5yvy8iK1h3wqTEJCijzGANTCCl9nWjY41juyAn2K3Q1hLLTg==",
      "requires": {
        "asap": "2.0.6"
      }
    },
    "prop-types": {
      "version": "15.6.0",
      "resolved": "https://registry.npmjs.org/prop-types/-/prop-types-15.6.0.tgz",
      "integrity": "sha1-zq8IMCL8RrSjX2nhPvda7Q1jmFY=",
      "requires": {
        "fbjs": "0.8.16",
        "loose-envify": "1.3.1",
        "object-assign": "4.1.1"
      }
    },
    "react-rte": {
      "version": "0.15.0",
      "resolved": "https://registry.npmjs.org/react-rte/-/react-rte-0.15.0.tgz",
      "integrity": "sha1-8HU9VS2Y9Aj0tVJIudE2Wikycgo=",
      "requires": {
        "babel-runtime": "6.26.0",
        "class-autobind": "0.1.4",
        "classnames": "2.2.5",
        "draft-js": "0.10.4",
        "draft-js-export-html": "1.2.0",
        "draft-js-export-markdown": "1.2.0",
        "draft-js-import-html": "1.2.1",
        "draft-js-import-markdown": "1.2.1",
        "draft-js-utils": "1.2.0",
        "immutable": "3.8.2"
      }
    },
    "regenerator-runtime": {
      "version": "0.11.0",
      "resolved": "https://registry.npmjs.org/regenerator-runtime/-/regenerator-runtime-0.11.0.tgz",
      "integrity": "sha512-/aA0kLeRb5N9K0d4fw7ooEbI+xDe+DKD499EQqygGqeS8N3xto15p09uY2xj7ixP81sNPXvRLnAQIqdVStgb1A=="
    },
    "setimmediate": {
      "version": "1.0.5",
      "resolved": "https://registry.npmjs.org/setimmediate/-/setimmediate-1.0.5.tgz",
      "integrity": "sha1-KQy7Iy4waULX1+qbg3Mqt4VvgoU="
    },
    "synthetic-dom": {
      "version": "1.2.0",
      "resolved": "https://registry.npmjs.org/synthetic-dom/-/synthetic-dom-1.2.0.tgz",
      "integrity": "sha1-81iar+K14pnzN7sylzqb5C3VYl4="
    },
    "ua-parser-js": {
      "version": "0.7.17",
      "resolved": "https://registry.npmjs.org/ua-parser-js/-/ua-parser-js-0.7.17.tgz",
      "integrity": "sha512-uRdSdu1oA1rncCQL7sCj8vSyZkgtL7faaw9Tc9rZ3mGgraQ7+Pdx7w5mnOSF3gw9ZNG6oc+KXfkon3bKuROm0g=="
    },
    "whatwg-fetch": {
      "version": "2.0.3",
      "resolved": "https://registry.npmjs.org/whatwg-fetch/-/whatwg-fetch-2.0.3.tgz",
      "integrity": "sha1-nITsLc9oGH/wC8ZOEnS0QhduHIQ="
    }
  }
}
